
Microsoft Visual Studio Solution File, Format Version 12.00
# Visual Studio Version 16
VisualStudioVersion = 16.0.30114.105
MinimumVisualStudioVersion = 10.0.40219.1
Project("{FAE04EC0-301F-11D3-BF4B-00C04F79EFBC}") = "HelloDotnetCLI.Test.Test", "HelloDotnetCLI.Test.Test\HelloDotnetCLI.Test.Test.csproj", "{3E4E4AFD-F009-43DA-AF3F-947C5173191F}"
EndProject
Project("{FAE04EC0-301F-11D3-BF4B-00C04F79EFBC}") = "HelloDotnetCLI", "HelloDotnetCLI\HelloDotnetCLI.csproj", "{39EC8788-B2F6-4B70-8C7D-07810A7C02CF}"
EndProject
Global
	GlobalSection(SolutionConfigurationPlatforms) = preSolution
		Debug|Any CPU = Debug|Any CPU
		Release|Any CPU = Release|Any CPU
	EndGlobalSection
	GlobalSection(SolutionProperties) = preSolution
		HideSolutionNode = FALSE
	EndGlobalSection
	GlobalSection(ProjectConfigurationPlatforms) = postSolution
		{3E4E4AFD-F009-43DA-AF3F-947C5173191F}.Debug|Any CPU.ActiveCfg = Debug|Any CPU
		{3E4E4AFD-F009-43DA-AF3F-947C5173191F}.Debug|Any CPU.Build.0 = Debug|Any CPU
		{3E4E4AFD-F009-43DA-AF3F-947C5173191F}.Release|Any CPU.ActiveCfg = Release|Any CPU
		{3E4E4AFD-F009-43DA-AF3F-947C5173191F}.Release|Any CPU.Build.0 = Release|Any CPU
		{39EC8788-B2F6-4B70-8C7D-07810A7C02CF}.Debug|Any CPU.ActiveCfg = Debug|Any CPU
		{39EC8788-B2F6-4B70-8C7D-07810A7C02CF}.Debug|Any CPU.Build.0 = Debug|Any CPU
		{39EC8788-B2F6-4B70-8C7D-07810A7C02CF}.Release|Any CPU.ActiveCfg = Release|Any CPU
		{39EC8788-B2F6-4B70-8C7D-07810A7C02CF}.Release|Any CPU.Build.0 = Release|Any CPU
	EndGlobalSection
EndGlobal
